
Microsoft Visual Studio Solution File, Format Version 12.00
# Visual Studio Version 16
VisualStudioVersion = 16.0.29230.47
MinimumVisualStudioVersion = 10.0.40219.1
Project("{FAE04EC0-301F-11D3-BF4B-00C04F79EFBC}") = "Projeto faculdade melhorado", "Projeto faculdade melhorado\Projeto faculdade melhorado.csproj", "{DFFAC8CF-F2FB-4BF4-930D-3C5589282F49}"
EndProject
Global
	GlobalSection(SolutionConfigurationPlatforms) = preSolution
		Debug|Any CPU = Debug|Any CPU
		Release|Any CPU = Release|Any CPU
	EndGlobalSection
	GlobalSection(ProjectConfigurationPlatforms) = postSolution
		{DFFAC8CF-F2FB-4BF4-930D-3C5589282F49}.Debug|Any CPU.ActiveCfg = Debug|Any CPU
		{DFFAC8CF-F2FB-4BF4-930D-3C5589282F49}.Debug|Any CPU.Build.0 = Debug|Any CPU
		{DFFAC8CF-F2FB-4BF4-930D-3C5589282F49}.Release|Any CPU.ActiveCfg = Release|Any CPU
		{DFFAC8CF-F2FB-4BF4-930D-3C5589282F49}.Release|Any CPU.Build.0 = Release|Any CPU
	EndGlobalSection
	GlobalSection(SolutionProperties) = preSolution
		HideSolutionNode = FALSE
	EndGlobalSection
	GlobalSection(ExtensibilityGlobals) = postSolution
		SolutionGuid = {7E1EA343-1098-4BC3-9DF6-C1874FF9277A}
	EndGlobalSection
EndGlobal
